
Microsoft Visual Studio Solution File, Format Version 12.00
# Visual Studio 15
Project("{FAE04EC0-301F-11D3-BF4B-00C04F79EFBC}") = "ConsoleApplication", "ConsoleApplication\ConsoleApplication.csproj", "{3C083B84-8579-4730-A098-BE59DD886FBD}"
EndProject
Global
	GlobalSection(SolutionConfigurationPlatforms) = preSolution
		Debug|Any CPU = Debug|Any CPU
		Release|Any CPU = Release|Any CPU
	EndGlobalSection
	GlobalSection(ProjectConfigurationPlatforms) = postSolution
		{3C083B84-8579-4730-A098-BE59DD886FBD}.Debug|Any CPU.ActiveCfg = Debug|Any CPU
		{3C083B84-8579-4730-A098-BE59DD886FBD}.Debug|Any CPU.Build.0 = Debug|Any CPU
		{3C083B84-8579-4730-A098-BE59DD886FBD}.Release|Any CPU.ActiveCfg = Release|Any CPU
		{3C083B84-8579-4730-A098-BE59DD886FBD}.Release|Any CPU.Build.0 = Release|Any CPU
	EndGlobalSection
EndGlobal
